
Microsoft Visual Studio Solution File, Format Version 12.00
# Visual Studio Version 17
VisualStudioVersion = 17.2.32519.379
MinimumVisualStudioVersion = 10.0.40219.1
Project("{9A19103F-16F7-4668-BE54-9A1E7A4F7556}") = "DATA", "DATA\DATA.csproj", "{7CAE110A-CCF7-4BF0-8F93-0725DA5704C7}"
EndProject
Project("{9A19103F-16F7-4668-BE54-9A1E7A4F7556}") = "BLL", "BLL\BLL.csproj", "{FD2304E6-72C4-47B8-AC88-F4BF04375208}"
	ProjectSection(ProjectDependencies) = postProject
		{7CAE110A-CCF7-4BF0-8F93-0725DA5704C7} = {7CAE110A-CCF7-4BF0-8F93-0725DA5704C7}
	EndProjectSection
EndProject
Project("{9A19103F-16F7-4668-BE54-9A1E7A4F7556}") = "ConsoleApp1", "ConsoleApp1\ConsoleApp1.csproj", "{DF99BFD2-0272-4A70-A8F2-89677D66DA5C}"
	ProjectSection(ProjectDependencies) = postProject
		{7CAE110A-CCF7-4BF0-8F93-0725DA5704C7} = {7CAE110A-CCF7-4BF0-8F93-0725DA5704C7}
		{FD2304E6-72C4-47B8-AC88-F4BF04375208} = {FD2304E6-72C4-47B8-AC88-F4BF04375208}
	EndProjectSection
EndProject
Project("{9A19103F-16F7-4668-BE54-9A1E7A4F7556}") = "TESTS", "TESTS\TESTS.csproj", "{3F99C464-0A95-455A-A872-CC43ED2A1260}"
	ProjectSection(ProjectDependencies) = postProject
		{7CAE110A-CCF7-4BF0-8F93-0725DA5704C7} = {7CAE110A-CCF7-4BF0-8F93-0725DA5704C7}
		{FD2304E6-72C4-47B8-AC88-F4BF04375208} = {FD2304E6-72C4-47B8-AC88-F4BF04375208}
	EndProjectSection
EndProject
Project("{FAE04EC0-301F-11D3-BF4B-00C04F79EFBC}") = "API", "API\API.csproj", "{C436E042-711F-4DA1-9249-BA6803AAF847}"
	ProjectSection(ProjectDependencies) = postProject
		{FD2304E6-72C4-47B8-AC88-F4BF04375208} = {FD2304E6-72C4-47B8-AC88-F4BF04375208}
	EndProjectSection
EndProject
Global
	GlobalSection(SolutionConfigurationPlatforms) = preSolution
		Debug|Any CPU = Debug|Any CPU
		Release|Any CPU = Release|Any CPU
	EndGlobalSection
	GlobalSection(ProjectConfigurationPlatforms) = postSolution
		{7CAE110A-CCF7-4BF0-8F93-0725DA5704C7}.Debug|Any CPU.ActiveCfg = Debug|Any CPU
		{7CAE110A-CCF7-4BF0-8F93-0725DA5704C7}.Debug|Any CPU.Build.0 = Debug|Any CPU
		{7CAE110A-CCF7-4BF0-8F93-0725DA5704C7}.Release|Any CPU.ActiveCfg = Release|Any CPU
		{7CAE110A-CCF7-4BF0-8F93-0725DA5704C7}.Release|Any CPU.Build.0 = Release|Any CPU
		{FD2304E6-72C4-47B8-AC88-F4BF04375208}.Debug|Any CPU.ActiveCfg = Debug|Any CPU
		{FD2304E6-72C4-47B8-AC88-F4BF04375208}.Debug|Any CPU.Build.0 = Debug|Any CPU
		{FD2304E6-72C4-47B8-AC88-F4BF04375208}.Release|Any CPU.ActiveCfg = Release|Any CPU
		{FD2304E6-72C4-47B8-AC88-F4BF04375208}.Release|Any CPU.Build.0 = Release|Any CPU
		{DF99BFD2-0272-4A70-A8F2-89677D66DA5C}.Debug|Any CPU.ActiveCfg = Debug|Any CPU
		{DF99BFD2-0272-4A70-A8F2-89677D66DA5C}.Debug|Any CPU.Build.0 = Debug|Any CPU
		{DF99BFD2-0272-4A70-A8F2-89677D66DA5C}.Release|Any CPU.ActiveCfg = Release|Any CPU
		{DF99BFD2-0272-4A70-A8F2-89677D66DA5C}.Release|Any CPU.Build.0 = Release|Any CPU
		{3F99C464-0A95-455A-A872-CC43ED2A1260}.Debug|Any CPU.ActiveCfg = Debug|Any CPU
		{3F99C464-0A95-455A-A872-CC43ED2A1260}.Debug|Any CPU.Build.0 = Debug|Any CPU
		{3F99C464-0A95-455A-A872-CC43ED2A1260}.Release|Any CPU.ActiveCfg = Release|Any CPU
		{3F99C464-0A95-455A-A872-CC43ED2A1260}.Release|Any CPU.Build.0 = Release|Any CPU
		{C436E042-711F-4DA1-9249-BA6803AAF847}.Debug|Any CPU.ActiveCfg = Debug|Any CPU
		{C436E042-711F-4DA1-9249-BA6803AAF847}.Debug|Any CPU.Build.0 = Debug|Any CPU
		{C436E042-711F-4DA1-9249-BA6803AAF847}.Release|Any CPU.ActiveCfg = Release|Any CPU
		{C436E042-711F-4DA1-9249-BA6803AAF847}.Release|Any CPU.Build.0 = Release|Any CPU
	EndGlobalSection
	GlobalSection(SolutionProperties) = preSolution
		HideSolutionNode = FALSE
	EndGlobalSection
	GlobalSection(ExtensibilityGlobals) = postSolution
		SolutionGuid = {17E92D37-2852-4E6E-AB26-1C6505BEBDC2}
	EndGlobalSection
EndGlobal
